{
  "version": 4,
  "terraform_version": "0.12.10",
  "serial": 59,
  "lineage": "2137390f-b39e-6d5e-c36c-596b852e65ca",
  "outputs": {},
  "resources": [
    {
      "module": "module.bookings",
      "mode": "managed",
      "type": "aws_dynamodb_table",
      "name": "bookings",
      "provider": "provider.aws",
      "instances": [
        {
          "schema_version": 1,
          "attributes": {
            "arn": "arn:aws:dynamodb:us-east-1:623248817346:table/dev-bookings",
            "attribute": [
              {
                "name": "id",
                "type": "S"
              }
            ],
            "billing_mode": "PROVISIONED",
            "global_secondary_index": [],
            "hash_key": "id",
            "id": "dev-bookings",
            "local_secondary_index": [],
            "name": "dev-bookings",
            "point_in_time_recovery": [
              {
                "enabled": false
              }
            ],
            "range_key": null,
            "read_capacity": 1,
            "server_side_encryption": [],
            "stream_arn": "arn:aws:dynamodb:us-east-1:623248817346:table/dev-bookings/stream/2019-10-19T21:25:46.835",
            "stream_enabled": true,
            "stream_label": "2019-10-19T21:25:46.835",
            "stream_view_type": "NEW_IMAGE",
            "tags": {},
            "timeouts": null,
            "ttl": [
              {
                "attribute_name": "",
                "enabled": false
              }
            ],
            "write_capacity": 1
          },
          "private": "eyJlMmJmYjczMC1lY2FhLTExZTYtOGY4OC0zNDM2M2JjN2M0YzAiOnsiY3JlYXRlIjo2MDAwMDAwMDAwMDAsImRlbGV0ZSI6NjAwMDAwMDAwMDAwLCJ1cGRhdGUiOjM2MDAwMDAwMDAwMDB9LCJzY2hlbWFfdmVyc2lvbiI6IjEifQ=="
        }
      ]
    },
    {
      "module": "module.users",
      "mode": "managed",
      "type": "aws_dynamodb_table",
      "name": "users",
      "provider": "provider.aws",
      "instances": [
        {
          "schema_version": 1,
          "attributes": {
            "arn": "arn:aws:dynamodb:us-east-1:623248817346:table/dev-users",
            "attribute": [
              {
                "name": "email",
                "type": "S"
              },
              {
                "name": "id",
                "type": "S"
              }
            ],
            "billing_mode": "PROVISIONED",
            "global_secondary_index": [
              {
                "hash_key": "email",
                "name": "dev-email-gsi",
                "non_key_attributes": [],
                "projection_type": "ALL",
                "range_key": "",
                "read_capacity": 1,
                "write_capacity": 1
              }
            ],
            "hash_key": "id",
            "id": "dev-users",
            "local_secondary_index": [],
            "name": "dev-users",
            "point_in_time_recovery": [
              {
                "enabled": false
              }
            ],
            "range_key": null,
            "read_capacity": 1,
            "server_side_encryption": [],
            "stream_arn": "",
            "stream_enabled": false,
            "stream_label": "",
            "stream_view_type": "",
            "tags": {},
            "timeouts": null,
            "ttl": [
              {
                "attribute_name": "",
                "enabled": false
              }
            ],
            "write_capacity": 1
          },
          "private": "eyJlMmJmYjczMC1lY2FhLTExZTYtOGY4OC0zNDM2M2JjN2M0YzAiOnsiY3JlYXRlIjo2MDAwMDAwMDAwMDAsImRlbGV0ZSI6NjAwMDAwMDAwMDAwLCJ1cGRhdGUiOjM2MDAwMDAwMDAwMDB9LCJzY2hlbWFfdmVyc2lvbiI6IjEifQ=="
        }
      ]
    },
    {
      "module": "module.users",
      "mode": "managed",
      "type": "aws_dynamodb_table_item",
      "name": "admin",
      "provider": "provider.aws",
      "instances": [
        {
          "schema_version": 0,
          "attributes": {
            "hash_key": "id",
            "id": "dev-users|id||a2aca9a8-7434-469f-a06c-a7cbeb434056|",
            "item": "{\r\n  \"id\": {\"S\": \"a2aca9a8-7434-469f-a06c-a7cbeb434056\"},\r\n  \"name\": {\"S\": \"admin\"},\r\n  \"email\": {\"S\": \"admin@email.com\"},\r\n  \"password\": {\"S\": \"$2y$10$TjYJ7icQjkL/jLQ1YdKS0uD20lZtKzvxrKPld3qZBmtQZm6Tm6d6i\"},\r\n  \"role\": {\"S\": \"ADMIN\"}\r\n}\r\n",
            "range_key": null,
            "table_name": "dev-users"
          },
          "private": "bnVsbA==",
          "depends_on": [
            "aws_dynamodb_table.users"
          ]
        }
      ]
    },
    {
      "module": "module.bookings",
      "mode": "managed",
      "type": "aws_iam_policy",
      "name": "bookings_stream_consumer_policy",
      "provider": "provider.aws",
      "instances": [
        {
          "schema_version": 0,
          "attributes": {
            "arn": "arn:aws:iam::623248817346:policy/dev-bookings-stream-consumer-policy",
            "description": "",
            "id": "arn:aws:iam::623248817346:policy/dev-bookings-stream-consumer-policy",
            "name": "dev-bookings-stream-consumer-policy",
            "name_prefix": null,
            "path": "/",
            "policy": "{\r\n  \"Version\": \"2012-10-17\",\r\n  \"Statement\": [\r\n    {\r\n      \"Action\": [\r\n        \"dynamodb:DescribeStream\",\"dynamodb:GetRecords\",\"dynamodb:GetShardIterator\",\"dynamodb:ListStreams\"\r\n      ],\r\n      \"Effect\": \"Allow\",\r\n      \"Resource\": \"arn:aws:dynamodb:us-east-1:623248817346:table/dev-bookings/stream/2019-10-19T21:25:46.835\"\r\n    },\r\n    {\r\n      \"Effect\": \"Allow\",\r\n      \"Action\": [\r\n          \"logs:CreateLogGroup\",\r\n          \"logs:CreateLogStream\",\r\n          \"logs:PutLogEvents\"\r\n          ],\r\n          \"Resource\": \"*\"\r\n        }\r\n  ]\r\n}"
          },
          "private": "bnVsbA==",
          "depends_on": [
            "aws_dynamodb_table.bookings"
          ]
        }
      ]
    },
    {
      "module": "module.bookings",
      "mode": "managed",
      "type": "aws_iam_policy",
      "name": "create_booking_policy",
      "provider": "provider.aws",
      "instances": [
        {
          "schema_version": 0,
          "attributes": {
            "arn": "arn:aws:iam::623248817346:policy/dev-create-booking-policy",
            "description": "",
            "id": "arn:aws:iam::623248817346:policy/dev-create-booking-policy",
            "name": "dev-create-booking-policy",
            "name_prefix": null,
            "path": "/",
            "policy": "{\r\n  \"Version\": \"2012-10-17\",\r\n  \"Statement\": [\r\n    {\r\n      \"Action\": [\r\n        \"dynamodb:PutItem\"\r\n      ],\r\n      \"Effect\": \"Allow\",\r\n      \"Resource\": \"arn:aws:dynamodb:us-east-1:623248817346:table/dev-bookings\"\r\n    },\r\n    {\r\n      \"Effect\": \"Allow\",\r\n      \"Action\": [\r\n          \"logs:CreateLogGroup\",\r\n          \"logs:CreateLogStream\",\r\n          \"logs:PutLogEvents\"\r\n          ],\r\n          \"Resource\": \"*\"\r\n        }\r\n  ]\r\n}"
          },
          "private": "bnVsbA==",
          "depends_on": [
            "aws_dynamodb_table.bookings"
          ]
        }
      ]
    },
    {
      "module": "module.bookings",
      "mode": "managed",
      "type": "aws_iam_policy",
      "name": "list_bookings_policy",
      "provider": "provider.aws",
      "instances": [
        {
          "schema_version": 0,
          "attributes": {
            "arn": "arn:aws:iam::623248817346:policy/dev-list-bookings-policy",
            "description": "",
            "id": "arn:aws:iam::623248817346:policy/dev-list-bookings-policy",
            "name": "dev-list-bookings-policy",
            "name_prefix": null,
            "path": "/",
            "policy": "{\r\n  \"Version\": \"2012-10-17\",\r\n  \"Statement\": [\r\n    {\r\n      \"Action\": [\r\n        \"dynamodb:Scan\"\r\n      ],\r\n      \"Effect\": \"Allow\",\r\n      \"Resource\": \"arn:aws:dynamodb:us-east-1:623248817346:table/dev-bookings\"\r\n    },\r\n    {\r\n      \"Effect\": \"Allow\",\r\n      \"Action\": [\r\n          \"logs:CreateLogGroup\",\r\n          \"logs:CreateLogStream\",\r\n          \"logs:PutLogEvents\"\r\n          ],\r\n          \"Resource\": \"*\"\r\n        }\r\n  ]\r\n}"
          },
          "private": "bnVsbA==",
          "depends_on": [
            "aws_dynamodb_table.bookings"
          ]
        }
      ]
    },
    {
      "module": "module.users",
      "mode": "managed",
      "type": "aws_iam_policy",
      "name": "login_policy",
      "provider": "provider.aws",
      "instances": [
        {
          "schema_version": 0,
          "attributes": {
            "arn": "arn:aws:iam::623248817346:policy/dev-login-policy",
            "description": "",
            "id": "arn:aws:iam::623248817346:policy/dev-login-policy",
            "name": "dev-login-policy",
            "name_prefix": null,
            "path": "/",
            "policy": "{\r\n  \"Version\": \"2012-10-17\",\r\n  \"Statement\": [\r\n    {\r\n      \"Action\": [\r\n        \"dynamodb:Query\"\r\n      ],\r\n      \"Effect\": \"Allow\",\r\n      \"Resource\": \"arn:aws:dynamodb:us-east-1:623248817346:table/dev-users/index/dev-email-gsi\"\r\n    },\r\n    {\r\n      \"Effect\": \"Allow\",\r\n      \"Action\": [\r\n          \"logs:CreateLogGroup\",\r\n          \"logs:CreateLogStream\",\r\n          \"logs:PutLogEvents\"\r\n          ],\r\n          \"Resource\": \"*\"\r\n        }\r\n  ]\r\n}\r\n"
          },
          "private": "bnVsbA==",
          "depends_on": [
            "aws_dynamodb_table.users"
          ]
        }
      ]
    },
    {
      "module": "module.users",
      "mode": "managed",
      "type": "aws_iam_policy",
      "name": "register_policy",
      "provider": "provider.aws",
      "instances": [
        {
          "schema_version": 0,
          "attributes": {
            "arn": "arn:aws:iam::623248817346:policy/dev-register-policy",
            "description": "",
            "id": "arn:aws:iam::623248817346:policy/dev-register-policy",
            "name": "dev-register-policy",
            "name_prefix": null,
            "path": "/",
            "policy": "{\r\n  \"Version\": \"2012-10-17\",\r\n  \"Statement\": [\r\n    {\r\n      \"Action\": [\r\n        \"dynamodb:PutItem\"\r\n      ],\r\n      \"Effect\": \"Allow\",\r\n      \"Resource\": \"arn:aws:dynamodb:us-east-1:623248817346:table/dev-users\"\r\n    },\r\n    {\r\n      \"Effect\": \"Allow\",\r\n      \"Action\": [\r\n          \"logs:CreateLogGroup\",\r\n          \"logs:CreateLogStream\",\r\n          \"logs:PutLogEvents\"\r\n          ],\r\n          \"Resource\": \"*\"\r\n        }\r\n  ]\r\n}"
          },
          "private": "bnVsbA==",
          "depends_on": [
            "aws_dynamodb_table.users"
          ]
        }
      ]
    },
    {
      "module": "module.bookings",
      "mode": "managed",
      "type": "aws_iam_policy_attachment",
      "name": "bookings_stream_consumer_policy_attachment",
      "provider": "provider.aws",
      "instances": [
        {
          "schema_version": 0,
          "attributes": {
            "groups": [],
            "id": "dev-bookings-stream-consumer-attachment",
            "name": "dev-bookings-stream-consumer-attachment",
            "policy_arn": "arn:aws:iam::623248817346:policy/dev-bookings-stream-consumer-policy",
            "roles": [
              "dev-bookings-stream-consumer-iam-role"
            ],
            "users": []
          },
          "private": "bnVsbA==",
          "depends_on": [
            "aws_iam_policy.bookings_stream_consumer_policy",
            "aws_iam_role.bookings_stream_consumer_iam_role"
          ]
        }
      ]
    },
    {
      "module": "module.bookings",
      "mode": "managed",
      "type": "aws_iam_policy_attachment",
      "name": "create_booking_policy_attachment",
      "provider": "provider.aws",
      "instances": [
        {
          "schema_version": 0,
          "attributes": {
            "groups": [],
            "id": "dev-create-booking-attachment",
            "name": "dev-create-booking-attachment",
            "policy_arn": "arn:aws:iam::623248817346:policy/dev-create-booking-policy",
            "roles": [
              "dev-create-booking-iam-role"
            ],
            "users": []
          },
          "private": "bnVsbA==",
          "depends_on": [
            "aws_iam_policy.create_booking_policy",
            "aws_iam_role.create_booking_iam_role"
          ]
        }
      ]
    },
    {
      "module": "module.bookings",
      "mode": "managed",
      "type": "aws_iam_policy_attachment",
      "name": "list_bookings_policy_attachment",
      "provider": "provider.aws",
      "instances": [
        {
          "schema_version": 0,
          "attributes": {
            "groups": [],
            "id": "dev-list-bookings-attachment",
            "name": "dev-list-bookings-attachment",
            "policy_arn": "arn:aws:iam::623248817346:policy/dev-list-bookings-policy",
            "roles": [
              "dev-list-bookings-iam-role"
            ],
            "users": []
          },
          "private": "bnVsbA==",
          "depends_on": [
            "aws_iam_policy.list_bookings_policy",
            "aws_iam_role.list_bookings_iam_role"
          ]
        }
      ]
    },
    {
      "module": "module.users",
      "mode": "managed",
      "type": "aws_iam_policy_attachment",
      "name": "login_policy_attachment",
      "provider": "provider.aws",
      "instances": [
        {
          "schema_version": 0,
          "attributes": {
            "groups": [],
            "id": "dev-login-attachment",
            "name": "dev-login-attachment",
            "policy_arn": "arn:aws:iam::623248817346:policy/dev-login-policy",
            "roles": [
              "dev-login-iam-role"
            ],
            "users": []
          },
          "private": "bnVsbA==",
          "depends_on": [
            "aws_iam_policy.login_policy",
            "aws_iam_role.login_iam_role"
          ]
        }
      ]
    },
    {
      "module": "module.users",
      "mode": "managed",
      "type": "aws_iam_policy_attachment",
      "name": "register_policy_attachment",
      "provider": "provider.aws",
      "instances": [
        {
          "schema_version": 0,
          "attributes": {
            "groups": [],
            "id": "dev-register-attachment",
            "name": "dev-register-attachment",
            "policy_arn": "arn:aws:iam::623248817346:policy/dev-register-policy",
            "roles": [
              "dev-register-iam-role"
            ],
            "users": []
          },
          "private": "bnVsbA==",
          "depends_on": [
            "aws_iam_policy.register_policy",
            "aws_iam_role.register_iam_role"
          ]
        }
      ]
    },
    {
      "module": "module.bookings",
      "mode": "managed",
      "type": "aws_iam_role",
      "name": "bookings_stream_consumer_iam_role",
      "provider": "provider.aws",
      "instances": [
        {
          "schema_version": 0,
          "attributes": {
            "arn": "arn:aws:iam::623248817346:role/dev-bookings-stream-consumer-iam-role",
            "assume_role_policy": "{\"Version\":\"2012-10-17\",\"Statement\":[{\"Sid\":\"\",\"Effect\":\"Allow\",\"Principal\":{\"Service\":\"lambda.amazonaws.com\"},\"Action\":\"sts:AssumeRole\"}]}",
            "create_date": "2019-10-19T22:34:56Z",
            "description": "",
            "force_detach_policies": false,
            "id": "dev-bookings-stream-consumer-iam-role",
            "max_session_duration": 3600,
            "name": "dev-bookings-stream-consumer-iam-role",
            "name_prefix": null,
            "path": "/",
            "permissions_boundary": null,
            "tags": {},
            "unique_id": "AROAZCHEGHTBO3CUSLGEI"
          },
          "private": "bnVsbA=="
        }
      ]
    },
    {
      "module": "module.bookings",
      "mode": "managed",
      "type": "aws_iam_role",
      "name": "create_booking_iam_role",
      "provider": "provider.aws",
      "instances": [
        {
          "schema_version": 0,
          "attributes": {
            "arn": "arn:aws:iam::623248817346:role/dev-create-booking-iam-role",
            "assume_role_policy": "{\"Version\":\"2012-10-17\",\"Statement\":[{\"Sid\":\"\",\"Effect\":\"Allow\",\"Principal\":{\"Service\":\"lambda.amazonaws.com\"},\"Action\":\"sts:AssumeRole\"}]}",
            "create_date": "2019-10-17T21:56:42Z",
            "description": "",
            "force_detach_policies": false,
            "id": "dev-create-booking-iam-role",
            "max_session_duration": 3600,
            "name": "dev-create-booking-iam-role",
            "name_prefix": null,
            "path": "/",
            "permissions_boundary": null,
            "tags": {},
            "unique_id": "AROAZCHEGHTBJ2NZBT5BE"
          },
          "private": "bnVsbA=="
        }
      ]
    },
    {
      "module": "module.bookings",
      "mode": "managed",
      "type": "aws_iam_role",
      "name": "list_bookings_iam_role",
      "provider": "provider.aws",
      "instances": [
        {
          "schema_version": 0,
          "attributes": {
            "arn": "arn:aws:iam::623248817346:role/dev-list-bookings-iam-role",
            "assume_role_policy": "{\"Version\":\"2012-10-17\",\"Statement\":[{\"Sid\":\"\",\"Effect\":\"Allow\",\"Principal\":{\"Service\":\"lambda.amazonaws.com\"},\"Action\":\"sts:AssumeRole\"}]}",
            "create_date": "2019-10-17T22:33:37Z",
            "description": "",
            "force_detach_policies": false,
            "id": "dev-list-bookings-iam-role",
            "max_session_duration": 3600,
            "name": "dev-list-bookings-iam-role",
            "name_prefix": null,
            "path": "/",
            "permissions_boundary": null,
            "tags": {},
            "unique_id": "AROAZCHEGHTBD3GZ4TVBA"
          },
          "private": "bnVsbA=="
        }
      ]
    },
    {
      "module": "module.users",
      "mode": "managed",
      "type": "aws_iam_role",
      "name": "login_iam_role",
      "provider": "provider.aws",
      "instances": [
        {
          "schema_version": 0,
          "attributes": {
            "arn": "arn:aws:iam::623248817346:role/dev-login-iam-role",
            "assume_role_policy": "{\"Version\":\"2012-10-17\",\"Statement\":[{\"Sid\":\"\",\"Effect\":\"Allow\",\"Principal\":{\"Service\":\"lambda.amazonaws.com\"},\"Action\":\"sts:AssumeRole\"}]}",
            "create_date": "2019-10-15T00:12:24Z",
            "description": "",
            "force_detach_policies": false,
            "id": "dev-login-iam-role",
            "max_session_duration": 3600,
            "name": "dev-login-iam-role",
            "name_prefix": null,
            "path": "/",
            "permissions_boundary": null,
            "tags": {},
            "unique_id": "AROAZCHEGHTBEEJ3I5XKR"
          },
          "private": "bnVsbA=="
        }
      ]
    },
    {
      "module": "module.users",
      "mode": "managed",
      "type": "aws_iam_role",
      "name": "register_iam_role",
      "provider": "provider.aws",
      "instances": [
        {
          "schema_version": 0,
          "attributes": {
            "arn": "arn:aws:iam::623248817346:role/dev-register-iam-role",
            "assume_role_policy": "{\"Version\":\"2012-10-17\",\"Statement\":[{\"Sid\":\"\",\"Effect\":\"Allow\",\"Principal\":{\"Service\":\"lambda.amazonaws.com\"},\"Action\":\"sts:AssumeRole\"}]}",
            "create_date": "2019-10-14T23:16:45Z",
            "description": "",
            "force_detach_policies": false,
            "id": "dev-register-iam-role",
            "max_session_duration": 3600,
            "name": "dev-register-iam-role",
            "name_prefix": null,
            "path": "/",
            "permissions_boundary": null,
            "tags": {},
            "unique_id": "AROAZCHEGHTBGW474LAYW"
          },
          "private": "bnVsbA=="
        }
      ]
    },
    {
      "module": "module.notifications",
      "mode": "managed",
      "type": "aws_sns_topic",
      "name": "notifications",
      "provider": "provider.aws",
      "instances": [
        {
          "schema_version": 0,
          "attributes": {
            "application_failure_feedback_role_arn": "",
            "application_success_feedback_role_arn": "",
            "application_success_feedback_sample_rate": 0,
            "arn": "arn:aws:sns:us-east-1:623248817346:dev-notifications",
            "delivery_policy": "",
            "display_name": "",
            "http_failure_feedback_role_arn": "",
            "http_success_feedback_role_arn": "",
            "http_success_feedback_sample_rate": 0,
            "id": "arn:aws:sns:us-east-1:623248817346:dev-notifications",
            "kms_master_key_id": "",
            "lambda_failure_feedback_role_arn": "",
            "lambda_success_feedback_role_arn": "",
            "lambda_success_feedback_sample_rate": 0,
            "name": "dev-notifications",
            "name_prefix": null,
            "policy": "{\"Version\":\"2008-10-17\",\"Id\":\"__default_policy_ID\",\"Statement\":[{\"Sid\":\"__default_statement_ID\",\"Effect\":\"Allow\",\"Principal\":{\"AWS\":\"*\"},\"Action\":[\"SNS:GetTopicAttributes\",\"SNS:SetTopicAttributes\",\"SNS:AddPermission\",\"SNS:RemovePermission\",\"SNS:DeleteTopic\",\"SNS:Subscribe\",\"SNS:ListSubscriptionsByTopic\",\"SNS:Publish\",\"SNS:Receive\"],\"Resource\":\"arn:aws:sns:us-east-1:623248817346:dev-notifications\",\"Condition\":{\"StringEquals\":{\"AWS:SourceOwner\":\"623248817346\"}}}]}",
            "sqs_failure_feedback_role_arn": "",
            "sqs_success_feedback_role_arn": "",
            "sqs_success_feedback_sample_rate": 0,
            "tags": null
          },
          "private": "bnVsbA=="
        }
      ]
    },
    {
      "module": "module.bookings",
      "mode": "managed",
      "type": "aws_ssm_parameter",
      "name": "bookings_stream_consumer_iam_role",
      "provider": "provider.aws",
      "instances": [
        {
          "schema_version": 0,
          "attributes": {
            "allowed_pattern": "",
            "arn": "arn:aws:ssm:us-east-1:623248817346:parameter/dev-bookings-stream-consumer-iam-role",
            "description": "",
            "id": "dev-bookings-stream-consumer-iam-role",
            "key_id": "",
            "name": "dev-bookings-stream-consumer-iam-role",
            "overwrite": null,
            "tags": {},
            "tier": "Standard",
            "type": "String",
            "value": "arn:aws:iam::623248817346:role/dev-bookings-stream-consumer-iam-role",
            "version": 1
          },
          "private": "bnVsbA==",
          "depends_on": [
            "aws_iam_role.bookings_stream_consumer_iam_role"
          ]
        }
      ]
    },
    {
      "module": "module.bookings",
      "mode": "managed",
      "type": "aws_ssm_parameter",
      "name": "create_booking_iam_role",
      "provider": "provider.aws",
      "instances": [
        {
          "schema_version": 0,
          "attributes": {
            "allowed_pattern": "",
            "arn": "arn:aws:ssm:us-east-1:623248817346:parameter/dev-create-booking-iam-role",
            "description": "",
            "id": "dev-create-booking-iam-role",
            "key_id": "",
            "name": "dev-create-booking-iam-role",
            "overwrite": null,
            "tags": {},
            "tier": "Standard",
            "type": "String",
            "value": "arn:aws:iam::623248817346:role/dev-create-booking-iam-role",
            "version": 1
          },
          "private": "bnVsbA==",
          "depends_on": [
            "aws_iam_role.create_booking_iam_role"
          ]
        }
      ]
    },
    {
      "module": "module.users",
      "mode": "managed",
      "type": "aws_ssm_parameter",
      "name": "dynamodb-users-table",
      "provider": "provider.aws",
      "instances": [
        {
          "schema_version": 0,
          "attributes": {
            "allowed_pattern": "",
            "arn": "arn:aws:ssm:us-east-1:623248817346:parameter/dev-dynamodb-users-table",
            "description": "",
            "id": "dev-dynamodb-users-table",
            "key_id": "",
            "name": "dev-dynamodb-users-table",
            "overwrite": null,
            "tags": {},
            "tier": "Standard",
            "type": "String",
            "value": "dev-users",
            "version": 1
          },
          "private": "bnVsbA==",
          "depends_on": [
            "aws_dynamodb_table.users"
          ]
        }
      ]
    },
    {
      "module": "module.bookings",
      "mode": "managed",
      "type": "aws_ssm_parameter",
      "name": "dynamodb_bookings_stream",
      "provider": "provider.aws",
      "instances": [
        {
          "schema_version": 0,
          "attributes": {
            "allowed_pattern": "",
            "arn": "arn:aws:ssm:us-east-1:623248817346:parameter/dev-dynamodb-bookings-stream",
            "description": "",
            "id": "dev-dynamodb-bookings-stream",
            "key_id": "",
            "name": "dev-dynamodb-bookings-stream",
            "overwrite": null,
            "tags": {},
            "tier": "Standard",
            "type": "String",
            "value": "arn:aws:dynamodb:us-east-1:623248817346:table/dev-bookings/stream/2019-10-19T21:25:46.835",
            "version": 1
          },
          "private": "bnVsbA==",
          "depends_on": [
            "aws_dynamodb_table.bookings"
          ]
        }
      ]
    },
    {
      "module": "module.bookings",
      "mode": "managed",
      "type": "aws_ssm_parameter",
      "name": "dynamodb_bookings_table",
      "provider": "provider.aws",
      "instances": [
        {
          "schema_version": 0,
          "attributes": {
            "allowed_pattern": "",
            "arn": "arn:aws:ssm:us-east-1:623248817346:parameter/dev-dynamodb-bookings-table",
            "description": "",
            "id": "dev-dynamodb-bookings-table",
            "key_id": "",
            "name": "dev-dynamodb-bookings-table",
            "overwrite": null,
            "tags": {},
            "tier": "Standard",
            "type": "String",
            "value": "dev-bookings",
            "version": 1
          },
          "private": "bnVsbA==",
          "depends_on": [
            "aws_dynamodb_table.bookings"
          ]
        }
      ]
    },
    {
      "module": "module.users",
      "mode": "managed",
      "type": "aws_ssm_parameter",
      "name": "email-gsi",
      "provider": "provider.aws",
      "instances": [
        {
          "schema_version": 0,
          "attributes": {
            "allowed_pattern": "",
            "arn": "arn:aws:ssm:us-east-1:623248817346:parameter/dev-email-gsi",
            "description": "",
            "id": "dev-email-gsi",
            "key_id": "",
            "name": "dev-email-gsi",
            "overwrite": null,
            "tags": {},
            "tier": "Standard",
            "type": "String",
            "value": "dev-email-gsi",
            "version": 1
          },
          "private": "bnVsbA=="
        }
      ]
    },
    {
      "module": "module.users",
      "mode": "managed",
      "type": "aws_ssm_parameter",
      "name": "jwt_secret",
      "provider": "provider.aws",
      "instances": [
        {
          "schema_version": 0,
          "attributes": {
            "allowed_pattern": "",
            "arn": "arn:aws:ssm:us-east-1:623248817346:parameter/dev-jwt-secret",
            "description": "",
            "id": "dev-jwt-secret",
            "key_id": "",
            "name": "dev-jwt-secret",
            "overwrite": null,
            "tags": {},
            "tier": "Standard",
            "type": "String",
            "value": "5tnnyqrnpXsYfBhpRNBrGF4Y1mNrHWsuzdyI3gaDhcQ",
            "version": 1
          },
          "private": "bnVsbA=="
        }
      ]
    },
    {
      "module": "module.bookings",
      "mode": "managed",
      "type": "aws_ssm_parameter",
      "name": "list_bookings_iam_role",
      "provider": "provider.aws",
      "instances": [
        {
          "schema_version": 0,
          "attributes": {
            "allowed_pattern": "",
            "arn": "arn:aws:ssm:us-east-1:623248817346:parameter/dev-list-bookings-iam-role",
            "description": "",
            "id": "dev-list-bookings-iam-role",
            "key_id": "",
            "name": "dev-list-bookings-iam-role",
            "overwrite": null,
            "tags": {},
            "tier": "Standard",
            "type": "String",
            "value": "arn:aws:iam::623248817346:role/dev-list-bookings-iam-role",
            "version": 1
          },
          "private": "bnVsbA==",
          "depends_on": [
            "aws_iam_role.list_bookings_iam_role"
          ]
        }
      ]
    },
    {
      "module": "module.users",
      "mode": "managed",
      "type": "aws_ssm_parameter",
      "name": "login_iam_role",
      "provider": "provider.aws",
      "instances": [
        {
          "schema_version": 0,
          "attributes": {
            "allowed_pattern": "",
            "arn": "arn:aws:ssm:us-east-1:623248817346:parameter/dev-login-iam-role",
            "description": "",
            "id": "dev-login-iam-role",
            "key_id": "",
            "name": "dev-login-iam-role",
            "overwrite": null,
            "tags": {},
            "tier": "Standard",
            "type": "String",
            "value": "arn:aws:iam::623248817346:role/dev-login-iam-role",
            "version": 1
          },
          "private": "bnVsbA==",
          "depends_on": [
            "aws_iam_role.login_iam_role"
          ]
        }
      ]
    },
    {
      "module": "module.notifications",
      "mode": "managed",
      "type": "aws_ssm_parameter",
      "name": "notifications_topic",
      "provider": "provider.aws",
      "instances": [
        {
          "schema_version": 0,
          "attributes": {
            "allowed_pattern": "",
            "arn": "arn:aws:ssm:us-east-1:623248817346:parameter/dev-notifications-topic",
            "description": "",
            "id": "dev-notifications-topic",
            "key_id": "",
            "name": "dev-notifications-topic",
            "overwrite": null,
            "tags": null,
            "tier": "Standard",
            "type": "String",
            "value": "arn:aws:sns:us-east-1:623248817346:dev-notifications",
            "version": 1
          },
          "private": "bnVsbA==",
          "depends_on": [
            "aws_sns_topic.notifications"
          ]
        }
      ]
    },
    {
      "module": "module.users",
      "mode": "managed",
      "type": "aws_ssm_parameter",
      "name": "register_iam_role",
      "provider": "provider.aws",
      "instances": [
        {
          "schema_version": 0,
          "attributes": {
            "allowed_pattern": "",
            "arn": "arn:aws:ssm:us-east-1:623248817346:parameter/dev-register-iam-role",
            "description": "",
            "id": "dev-register-iam-role",
            "key_id": "",
            "name": "dev-register-iam-role",
            "overwrite": null,
            "tags": {},
            "tier": "Standard",
            "type": "String",
            "value": "arn:aws:iam::623248817346:role/dev-register-iam-role",
            "version": 1
          },
          "private": "bnVsbA==",
          "depends_on": [
            "aws_iam_role.register_iam_role"
          ]
        }
      ]
    }
  ]
}
